<?xml version="1.0" encoding="utf-8"?>
<Project ToolsVersion="4.0" xmlns="http://schemas.microsoft.com/developer/msbuild/2003">
  <ItemGroup>
    <Filter Include="GameCode">
      <UniqueIdentifier>{fe584be7-60d5-4fe4-821a-ca029262c898}</UniqueIdentifier>
    </Filter>
  </ItemGroup>
  <ItemGroup>
    <ClCompile Include="..\..\..\..\GameCode\Game.cpp">
      <Filter>GameCode</Filter>
    </ClCompile>
  </ItemGroup>
  <ItemGroup>
    <ClInclude Include="..\..\..\..\GameCode\Game.h">
      <Filter>GameCode</Filter>
    </ClInclude>
  </ItemGroup>
</Project>